
Microsoft Visual Studio Solution File, Format Version 12.00
# Visual Studio 15
VisualStudioVersion = 15.0.28307.1433
MinimumVisualStudioVersion = 10.0.40219.1
Project("{FAE04EC0-301F-11D3-BF4B-00C04F79EFBC}") = "School management system2(laurels)", "School management system2(laurels).csproj", "{A8F3D441-CB09-45E0-851B-F3D0FA28E114}"
EndProject
Global
	GlobalSection(SolutionConfigurationPlatforms) = preSolution
		Debug|Any CPU = Debug|Any CPU
		Release|Any CPU = Release|Any CPU
	EndGlobalSection
	GlobalSection(ProjectConfigurationPlatforms) = postSolution
		{A8F3D441-CB09-45E0-851B-F3D0FA28E114}.Debug|Any CPU.ActiveCfg = Debug|Any CPU
		{A8F3D441-CB09-45E0-851B-F3D0FA28E114}.Debug|Any CPU.Build.0 = Debug|Any CPU
		{A8F3D441-CB09-45E0-851B-F3D0FA28E114}.Release|Any CPU.ActiveCfg = Release|Any CPU
		{A8F3D441-CB09-45E0-851B-F3D0FA28E114}.Release|Any CPU.Build.0 = Release|Any CPU
	EndGlobalSection
	GlobalSection(SolutionProperties) = preSolution
		HideSolutionNode = FALSE
	EndGlobalSection
	GlobalSection(ExtensibilityGlobals) = postSolution
		SolutionGuid = {3B79D5F7-43B6-4BF3-A8BF-A8A2BE9CF134}
	EndGlobalSection
EndGlobal
